
Microsoft Visual Studio Solution File, Format Version 12.00
# Visual Studio Version 17
VisualStudioVersion = 17.0.32112.339
MinimumVisualStudioVersion = 10.0.40219.1
Project("{9A19103F-16F7-4668-BE54-9A1E7A4F7556}") = "BinaryTree", "BinaryTree.csproj", "{A8CEA545-CB25-4429-9660-B42BFD17D9A7}"
EndProject
Project("{FAE04EC0-301F-11D3-BF4B-00C04F79EFBC}") = "StringProject", "..\StringProject\StringProject.csproj", "{8297C873-DBB1-446A-A3EA-D327387D65DC}"
EndProject
Global
	GlobalSection(SolutionConfigurationPlatforms) = preSolution
		Debug|Any CPU = Debug|Any CPU
		Release|Any CPU = Release|Any CPU
	EndGlobalSection
	GlobalSection(ProjectConfigurationPlatforms) = postSolution
		{A8CEA545-CB25-4429-9660-B42BFD17D9A7}.Debug|Any CPU.ActiveCfg = Debug|Any CPU
		{A8CEA545-CB25-4429-9660-B42BFD17D9A7}.Debug|Any CPU.Build.0 = Debug|Any CPU
		{A8CEA545-CB25-4429-9660-B42BFD17D9A7}.Release|Any CPU.ActiveCfg = Release|Any CPU
		{A8CEA545-CB25-4429-9660-B42BFD17D9A7}.Release|Any CPU.Build.0 = Release|Any CPU
		{8297C873-DBB1-446A-A3EA-D327387D65DC}.Debug|Any CPU.ActiveCfg = Debug|Any CPU
		{8297C873-DBB1-446A-A3EA-D327387D65DC}.Debug|Any CPU.Build.0 = Debug|Any CPU
		{8297C873-DBB1-446A-A3EA-D327387D65DC}.Release|Any CPU.ActiveCfg = Release|Any CPU
		{8297C873-DBB1-446A-A3EA-D327387D65DC}.Release|Any CPU.Build.0 = Release|Any CPU
	EndGlobalSection
	GlobalSection(SolutionProperties) = preSolution
		HideSolutionNode = FALSE
	EndGlobalSection
	GlobalSection(ExtensibilityGlobals) = postSolution
		SolutionGuid = {EB3C5BAB-527F-4F85-87AB-53FE6DC32474}
	EndGlobalSection
EndGlobal
